
Microsoft Visual Studio Solution File, Format Version 12.00
# Visual Studio Version 17
VisualStudioVersion = 17.0.32014.148
MinimumVisualStudioVersion = 10.0.40219.1
Project("{FAE04EC0-301F-11D3-BF4B-00C04F79EFBC}") = "SeedUserTest1", "SeedUserTest1.csproj", "{4813EE80-6D18-4BF7-AFD0-723554668944}"
EndProject
Global
	GlobalSection(SolutionConfigurationPlatforms) = preSolution
		Debug|Any CPU = Debug|Any CPU
		Release|Any CPU = Release|Any CPU
	EndGlobalSection
	GlobalSection(ProjectConfigurationPlatforms) = postSolution
		{4813EE80-6D18-4BF7-AFD0-723554668944}.Debug|Any CPU.ActiveCfg = Debug|Any CPU
		{4813EE80-6D18-4BF7-AFD0-723554668944}.Debug|Any CPU.Build.0 = Debug|Any CPU
		{4813EE80-6D18-4BF7-AFD0-723554668944}.Release|Any CPU.ActiveCfg = Release|Any CPU
		{4813EE80-6D18-4BF7-AFD0-723554668944}.Release|Any CPU.Build.0 = Release|Any CPU
	EndGlobalSection
	GlobalSection(SolutionProperties) = preSolution
		HideSolutionNode = FALSE
	EndGlobalSection
	GlobalSection(ExtensibilityGlobals) = postSolution
		SolutionGuid = {655C8B39-34C4-4DBE-9E82-FA91077A4E72}
	EndGlobalSection
EndGlobal
